gopkg.in/gographics/imagick.v2 v2.6.4 h1:H7UgF2ZAdV85sMB9YU2c6r3dpp9SP4N6UF+bG3OK728=
gopkg.in/gographics/imagick.v2 v2.6.4/go.mod h1:/QVPLV/iKdNttRKthmDkeeGg+vdHurVEPc8zkU0XgBk=
gopkg.in/gographics/imagick.v3 v3.5.3 h1:Ho8/2Uu76Y1Z5P65dUBhh5ZeKS3ZcvYH12amWZNpSFA=
gopkg.in/gographics/imagick.v3 v3.5.3/go.mod h1:+Q9nyA2xRZXrDyTtJ/eko+8V/5E7bWYs08ndkZp8UmA=
